{
  "version": "3",
  "remote": {
    "https://deno.land/std@0.208.0/collections/_utils.ts": "5114abc026ddef71207a79609b984614e66a63a4bda17d819d56b0e72c51527e",
    "https://deno.land/std@0.208.0/collections/deep_merge.ts": "9db788ba56cb05b65c77166b789e58e125dff159b7f41bf4d19dc1cba19ecb8b",
    "https://deno.land/std@0.208.0/toml/_parser.ts": "63d68503fc4e22dcc6b677126765e67fe570e62c86199874efd8b6c976dc2679",
    "https://deno.land/std@0.208.0/toml/mod.ts": "b7127578e29155a91a45991e098a5478e6c61d0a4fbd2a99fd08b9043cab2ba1",
    "https://deno.land/std@0.208.0/toml/parse.ts": "e900bafdf35d802519842a303e07a62ea5282186960b3474e8083509ab1c7f0d",
    "https://deno.land/std@0.208.0/toml/stringify.ts": "be8c9182353f80234cf296ca26d4e605b4672e35a2aa0648cc942b5605d4bc1d"
  }
}
